// !$*UTF8*$!
{
	archiveVersion = 1;
	classes = {
	};
	objectVersion = 46;
	objects = {

/* Begin PBXAggregateTarget section */
		9B9095FE1A106D4E00A2FA4A /* mogenerator */ = {
			isa = PBXAggregateTarget;
			buildConfigurationList = 9B9095FF1A106D4E00A2FA4A /* Build configuration list for PBXAggregateTarget "mogenerator" */;
			buildPhases = (
				9B9096021A106D6A00A2FA4A /* ShellScript */,
			);
			dependencies = (
			);
			name = mogenerator;
			productName = mogenerator;
		};
/* End PBXAggregateTarget section */

/* Begin PBXBuildFile section */
		47FE71DD2166A0BFA813EDE4 /* libPods.a in Frameworks */ = {isa = PBXBuildFile; fileRef = 2CCC5B3D1D0A53728B40FF19 /* libPods.a */; };
		9B9095EC1A105A2100A2FA4A /* CRMainViewController.m in Sources */ = {isa = PBXBuildFile; fileRef = 9B9095EB1A105A2000A2FA4A /* CRMainViewController.m */; };
		9B9095F21A1064FC00A2FA4A /* AddressBook.framework in Frameworks */ = {isa = PBXBuildFile; fileRef = 9B9095F01A1064FC00A2FA4A /* AddressBook.framework */; };
		9B9095F31A1064FC00A2FA4A /* AddressBookUI.framework in Frameworks */ = {isa = PBXBuildFile; fileRef = 9B9095F11A1064FC00A2FA4A /* AddressBookUI.framework */; };
		9B9095F51A10681A00A2FA4A /* CFNetwork.framework in Frameworks */ = {isa = PBXBuildFile; fileRef = 9B9095F41A10681A00A2FA4A /* CFNetwork.framework */; };
		9B9095F71A10686300A2FA4A /* CoreLocation.framework in Frameworks */ = {isa = PBXBuildFile; fileRef = 9B9095F61A10686300A2FA4A /* CoreLocation.framework */; };
		9B9095F91A1068AB00A2FA4A /* libz.dylib in Frameworks */ = {isa = PBXBuildFile; fileRef = 9B9095F81A1068AB00A2FA4A /* libz.dylib */; };
		9B9095FB1A1068B700A2FA4A /* MobileCoreServices.framework in Frameworks */ = {isa = PBXBuildFile; fileRef = 9B9095FA1A1068B700A2FA4A /* MobileCoreServices.framework */; };
		9B9095FD1A1068D600A2FA4A /* SystemConfiguration.framework in Frameworks */ = {isa = PBXBuildFile; fileRef = 9B9095FC1A1068D600A2FA4A /* SystemConfiguration.framework */; };
		9B9096101A106E2C00A2FA4A /* _CRContact.m in Sources */ = {isa = PBXBuildFile; fileRef = 9B9096051A106E2C00A2FA4A /* _CRContact.m */; };
		9B9096111A106E2C00A2FA4A /* _CRUser.m in Sources */ = {isa = PBXBuildFile; fileRef = 9B9096071A106E2C00A2FA4A /* _CRUser.m */; };
		9B9096121A106E2C00A2FA4A /* _ServerObject.m in Sources */ = {isa = PBXBuildFile; fileRef = 9B9096091A106E2C00A2FA4A /* _ServerObject.m */; };
		9B9096131A106E2C00A2FA4A /* CRContact.m in Sources */ = {isa = PBXBuildFile; fileRef = 9B90960B1A106E2C00A2FA4A /* CRContact.m */; };
		9B9096141A106E2C00A2FA4A /* CRUser.m in Sources */ = {isa = PBXBuildFile; fileRef = 9B90960D1A106E2C00A2FA4A /* CRUser.m */; };
		9B9096151A106E2C00A2FA4A /* ServerObject.m in Sources */ = {isa = PBXBuildFile; fileRef = 9B90960F1A106E2C00A2FA4A /* ServerObject.m */; };
		9B9096181A1079D900A2FA4A /* NSDate+Extend.m in Sources */ = {isa = PBXBuildFile; fileRef = 9B9096171A1079D900A2FA4A /* NSDate+Extend.m */; };
		9B90961B1A10A6AA00A2FA4A /* CRContactsManager.m in Sources */ = {isa = PBXBuildFile; fileRef = 9B90961A1A10A6AA00A2FA4A /* CRContactsManager.m */; };
		9BFB23601A102E380012B81C /* main.m in Sources */ = {isa = PBXBuildFile; fileRef = 9BFB235F1A102E380012B81C /* main.m */; };
		9BFB23631A102E380012B81C /* AppDelegate.m in Sources */ = {isa = PBXBuildFile; fileRef = 9BFB23621A102E380012B81C /* AppDelegate.m */; };
		9BFB23661A102E380012B81C /* Contacts_Reminder.xcdatamodeld in Sources */ = {isa = PBXBuildFile; fileRef = 9BFB23641A102E380012B81C /* Contacts_Reminder.xcdatamodeld */; };
		9BFB23691A102E380012B81C /* ViewController.m in Sources */ = {isa = PBXBuildFile; fileRef = 9BFB23681A102E380012B81C /* ViewController.m */; };
		9BFB236C1A102E380012B81C /* Main.storyboard in Resources */ = {isa = PBXBuildFile; fileRef = 9BFB236A1A102E380012B81C /* Main.storyboard */; };
		9BFB236E1A102E380012B81C /* Images.xcassets in Resources */ = {isa = PBXBuildFile; fileRef = 9BFB236D1A102E380012B81C /* Images.xcassets */; };
		9BFB23711A102E380012B81C /* LaunchScreen.xib in Resources */ = {isa = PBXBuildFile; fileRef = 9BFB236F1A102E380012B81C /* LaunchScreen.xib */; };
		9BFB237D1A102E380012B81C /* Contacts_ReminderTests.m in Sources */ = {isa = PBXBuildFile; fileRef = 9BFB237C1A102E380012B81C /* Contacts_ReminderTests.m */; };
/* End PBXBuildFile section */

/* Begin PBXContainerItemProxy section */
		9BFB23771A102E380012B81C /* PBXContainerItemProxy */ = {
			isa = PBXContainerItemProxy;
			containerPortal = 9BFB23521A102E380012B81C /* Project object */;
			proxyType = 1;
			remoteGlobalIDString = 9BFB23591A102E380012B81C;
			remoteInfo = "Contacts Reminder";
		};
/* End PBXContainerItemProxy section */

/* Begin PBXFileReference section */
		2CCC5B3D1D0A53728B40FF19 /* libPods.a */ = {isa = PBXFileReference; explicitFileType = archive.ar; includeInIndex = 0; path = libPods.a; sourceTree = BUILT_PRODUCTS_DIR; };
		6C824802E36CCE7014BABC05 /* Pods.release.xcconfig */ = {isa = PBXFileReference; includeInIndex = 1; lastKnownFileType = text.xcconfig; name = Pods.release.xcconfig; path = "Pods/Target Support Files/Pods/Pods.release.xcconfig"; sourceTree = "<group>"; };
		9B9095EA1A105A2000A2FA4A /* CRMainViewController.h */ = {isa = PBXFileReference; fileEncoding = 4; lastKnownFileType = sourcecode.c.h; path = CRMainViewController.h; sourceTree = "<group>"; };
		9B9095EB1A105A2000A2FA4A /* CRMainViewController.m */ = {isa = PBXFileReference; fileEncoding = 4; lastKnownFileType = sourcecode.c.objc; path = CRMainViewController.m; sourceTree = "<group>"; };
		9B9095F01A1064FC00A2FA4A /* AddressBook.framework */ = {isa = PBXFileReference; lastKnownFileType = wrapper.framework; name = AddressBook.framework; path = System/Library/Frameworks/AddressBook.framework; sourceTree = SDKROOT; };
		9B9095F11A1064FC00A2FA4A /* AddressBookUI.framework */ = {isa = PBXFileReference; lastKnownFileType = wrapper.framework; name = AddressBookUI.framework; path = System/Library/Frameworks/AddressBookUI.framework; sourceTree = SDKROOT; };
		9B9095F41A10681A00A2FA4A /* CFNetwork.framework */ = {isa = PBXFileReference; lastKnownFileType = wrapper.framework; name = CFNetwork.framework; path = System/Library/Frameworks/CFNetwork.framework; sourceTree = SDKROOT; };
		9B9095F61A10686300A2FA4A /* CoreLocation.framework */ = {isa = PBXFileReference; lastKnownFileType = wrapper.framework; name = CoreLocation.framework; path = System/Library/Frameworks/CoreLocation.framework; sourceTree = SDKROOT; };
		9B9095F81A1068AB00A2FA4A /* libz.dylib */ = {isa = PBXFileReference; lastKnownFileType = "compiled.mach-o.dylib"; name = libz.dylib; path = usr/lib/libz.dylib; sourceTree = SDKROOT; };
		9B9095FA1A1068B700A2FA4A /* MobileCoreServices.framework */ = {isa = PBXFileReference; lastKnownFileType = wrapper.framework; name = MobileCoreServices.framework; path = System/Library/Frameworks/MobileCoreServices.framework; sourceTree = SDKROOT; };
		9B9095FC1A1068D600A2FA4A /* SystemConfiguration.framework */ = {isa = PBXFileReference; lastKnownFileType = wrapper.framework; name = SystemConfiguration.framework; path = System/Library/Frameworks/SystemConfiguration.framework; sourceTree = SDKROOT; };
		9B9096041A106E2C00A2FA4A /* _CRContact.h */ = {isa = PBXFileReference; fileEncoding = 4; lastKnownFileType = sourcecode.c.h; name = _CRContact.h; path = Model/_CRContact.h; sourceTree = "<group>"; };
		9B9096051A106E2C00A2FA4A /* _CRContact.m */ = {isa = PBXFileReference; fileEncoding = 4; lastKnownFileType = sourcecode.c.objc; name = _CRContact.m; path = Model/_CRContact.m; sourceTree = "<group>"; };
		9B9096061A106E2C00A2FA4A /* _CRUser.h */ = {isa = PBXFileReference; fileEncoding = 4; lastKnownFileType = sourcecode.c.h; name = _CRUser.h; path = Model/_CRUser.h; sourceTree = "<group>"; };
		9B9096071A106E2C00A2FA4A /* _CRUser.m */ = {isa = PBXFileReference; fileEncoding = 4; lastKnownFileType = sourcecode.c.objc; name = _CRUser.m; path = Model/_CRUser.m; sourceTree = "<group>"; };
		9B9096081A106E2C00A2FA4A /* _ServerObject.h */ = {isa = PBXFileReference; fileEncoding = 4; lastKnownFileType = sourcecode.c.h; name = _ServerObject.h; path = Model/_ServerObject.h; sourceTree = "<group>"; };
		9B9096091A106E2C00A2FA4A /* _ServerObject.m */ = {isa = PBXFileReference; fileEncoding = 4; lastKnownFileType = sourcecode.c.objc; name = _ServerObject.m; path = Model/_ServerObject.m; sourceTree = "<group>"; };
		9B90960A1A106E2C00A2FA4A /* CRContact.h */ = {isa = PBXFileReference; fileEncoding = 4; lastKnownFileType = sourcecode.c.h; name = CRContact.h; path = Model/CRContact.h; sourceTree = "<group>"; };
		9B90960B1A106E2C00A2FA4A /* CRContact.m */ = {isa = PBXFileReference; fileEncoding = 4; lastKnownFileType = sourcecode.c.objc; name = CRContact.m; path = Model/CRContact.m; sourceTree = "<group>"; };
		9B90960C1A106E2C00A2FA4A /* CRUser.h */ = {isa = PBXFileReference; fileEncoding = 4; lastKnownFileType = sourcecode.c.h; name = CRUser.h; path = Model/CRUser.h; sourceTree = "<group>"; };
		9B90960D1A106E2C00A2FA4A /* CRUser.m */ = {isa = PBXFileReference; fileEncoding = 4; lastKnownFileType = sourcecode.c.objc; name = CRUser.m; path = Model/CRUser.m; sourceTree = "<group>"; };
		9B90960E1A106E2C00A2FA4A /* ServerObject.h */ = {isa = PBXFileReference; fileEncoding = 4; lastKnownFileType = sourcecode.c.h; name = ServerObject.h; path = Model/ServerObject.h; sourceTree = "<group>"; };
		9B90960F1A106E2C00A2FA4A /* ServerObject.m */ = {isa = PBXFileReference; fileEncoding = 4; lastKnownFileType = sourcecode.c.objc; name = ServerObject.m; path = Model/ServerObject.m; sourceTree = "<group>"; };
		9B9096161A1079D900A2FA4A /* NSDate+Extend.h */ = {isa = PBXFileReference; fileEncoding = 4; lastKnownFileType = sourcecode.c.h; path = "NSDate+Extend.h"; sourceTree = "<group>"; };
		9B9096171A1079D900A2FA4A /* NSDate+Extend.m */ = {isa = PBXFileReference; fileEncoding = 4; lastKnownFileType = sourcecode.c.objc; path = "NSDate+Extend.m"; sourceTree = "<group>"; };
		9B9096191A10A6AA00A2FA4A /* CRContactsManager.h */ = {isa = PBXFileReference; fileEncoding = 4; lastKnownFileType = sourcecode.c.h; path = CRContactsManager.h; sourceTree = "<group>"; };
		9B90961A1A10A6AA00A2FA4A /* CRContactsManager.m */ = {isa = PBXFileReference; fileEncoding = 4; lastKnownFileType = sourcecode.c.objc; path = CRContactsManager.m; sourceTree = "<group>"; };
		9BFB235A1A102E380012B81C /* Contacts Reminder.app */ = {isa = PBXFileReference; explicitFileType = wrapper.application; includeInIndex = 0; path = "Contacts Reminder.app"; sourceTree = BUILT_PRODUCTS_DIR; };
		9BFB235E1A102E380012B81C /* Info.plist */ = {isa = PBXFileReference; lastKnownFileType = text.plist.xml; path = Info.plist; sourceTree = "<group>"; };
		9BFB235F1A102E380012B81C /* main.m */ = {isa = PBXFileReference; lastKnownFileType = sourcecode.c.objc; path = main.m; sourceTree = "<group>"; };
		9BFB23611A102E380012B81C /* AppDelegate.h */ = {isa = PBXFileReference; lastKnownFileType = sourcecode.c.h; path = AppDelegate.h; sourceTree = "<group>"; };
		9BFB23621A102E380012B81C /* AppDelegate.m */ = {isa = PBXFileReference; lastKnownFileType = sourcecode.c.objc; path = AppDelegate.m; sourceTree = "<group>"; };
		9BFB23651A102E380012B81C /* Contacts_Reminder.xcdatamodel */ = {isa = PBXFileReference; lastKnownFileType = wrapper.xcdatamodel; path = Contacts_Reminder.xcdatamodel; sourceTree = "<group>"; };
		9BFB23671A102E380012B81C /* ViewController.h */ = {isa = PBXFileReference; lastKnownFileType = sourcecode.c.h; path = ViewController.h; sourceTree = "<group>"; };
		9BFB23681A102E380012B81C /* ViewController.m */ = {isa = PBXFileReference; lastKnownFileType = sourcecode.c.objc; path = ViewController.m; sourceTree = "<group>"; };
		9BFB236B1A102E380012B81C /* Base */ = {isa = PBXFileReference; lastKnownFileType = file.storyboard; name = Base; path = Base.lproj/Main.storyboard; sourceTree = "<group>"; };
		9BFB236D1A102E380012B81C /* Images.xcassets */ = {isa = PBXFileReference; lastKnownFileType = folder.assetcatalog; path = Images.xcassets; sourceTree = "<group>"; };
		9BFB23701A102E380012B81C /* Base */ = {isa = PBXFileReference; lastKnownFileType = file.xib; name = Base; path = Base.lproj/LaunchScreen.xib; sourceTree = "<group>"; };
		9BFB23761A102E380012B81C /* Contacts ReminderTests.xctest */ = {isa = PBXFileReference; explicitFileType = wrapper.cfbundle; includeInIndex = 0; path = "Contacts ReminderTests.xctest"; sourceTree = BUILT_PRODUCTS_DIR; };
		9BFB237B1A102E380012B81C /* Info.plist */ = {isa = PBXFileReference; lastKnownFileType = text.plist.xml; path = Info.plist; sourceTree = "<group>"; };
		9BFB237C1A102E380012B81C /* Contacts_ReminderTests.m */ = {isa = PBXFileReference; lastKnownFileType = sourcecode.c.objc; path = Contacts_ReminderTests.m; sourceTree = "<group>"; };
		9BFB23861A103BBE0012B81C /* prefix.pch */ = {isa = PBXFileReference; fileEncoding = 4; lastKnownFileType = sourcecode.c.h; path = prefix.pch; sourceTree = "<group>"; };
		D3CA03614464EDF992DA0BE0 /* Pods.debug.xcconfig */ = {isa = PBXFileReference; includeInIndex = 1; lastKnownFileType = text.xcconfig; name = Pods.debug.xcconfig; path = "Pods/Target Support Files/Pods/Pods.debug.xcconfig"; sourceTree = "<group>"; };
/* End PBXFileReference section */

/* Begin PBXFrameworksBuildPhase section */
		9BFB23571A102E380012B81C /* Frameworks */ = {
			isa = PBXFrameworksBuildPhase;
			buildActionMask = 2147483647;
			files = (
				9B9095FD1A1068D600A2FA4A /* SystemConfiguration.framework in Frameworks */,
				9B9095FB1A1068B700A2FA4A /* MobileCoreServices.framework in Frameworks */,
				9B9095F91A1068AB00A2FA4A /* libz.dylib in Frameworks */,
				9B9095F71A10686300A2FA4A /* CoreLocation.framework in Frameworks */,
				9B9095F51A10681A00A2FA4A /* CFNetwork.framework in Frameworks */,
				9B9095F21A1064FC00A2FA4A /* AddressBook.framework in Frameworks */,
				9B9095F31A1064FC00A2FA4A /* AddressBookUI.framework in Frameworks */,
				47FE71DD2166A0BFA813EDE4 /* libPods.a in Frameworks */,
			);
			runOnlyForDeploymentPostprocessing = 0;
		};
		9BFB23731A102E380012B81C /* Frameworks */ = {
			isa = PBXFrameworksBuildPhase;
			buildActionMask = 2147483647;
			files = (
			);
			runOnlyForDeploymentPostprocessing = 0;
		};
/* End PBXFrameworksBuildPhase section */

/* Begin PBXGroup section */
		0FE5BC83CBB565A1D63ABEAE /* Pods */ = {
			isa = PBXGroup;
			children = (
				D3CA03614464EDF992DA0BE0 /* Pods.debug.xcconfig */,
				6C824802E36CCE7014BABC05 /* Pods.release.xcconfig */,
			);
			name = Pods;
			sourceTree = "<group>";
		};
		906D60237CF5C7784D9BE24B /* Frameworks */ = {
			isa = PBXGroup;
			children = (
				9B9095FC1A1068D600A2FA4A /* SystemConfiguration.framework */,
				9B9095FA1A1068B700A2FA4A /* MobileCoreServices.framework */,
				9B9095F81A1068AB00A2FA4A /* libz.dylib */,
				9B9095F61A10686300A2FA4A /* CoreLocation.framework */,
				9B9095F41A10681A00A2FA4A /* CFNetwork.framework */,
				9B9095F01A1064FC00A2FA4A /* AddressBook.framework */,
				9B9095F11A1064FC00A2FA4A /* AddressBookUI.framework */,
				2CCC5B3D1D0A53728B40FF19 /* libPods.a */,
			);
			name = Frameworks;
			sourceTree = "<group>";
		};
		9B9096031A106DC600A2FA4A /* Models */ = {
			isa = PBXGroup;
			children = (
				9B90960A1A106E2C00A2FA4A /* CRContact.h */,
				9B90960B1A106E2C00A2FA4A /* CRContact.m */,
				9B90960C1A106E2C00A2FA4A /* CRUser.h */,
				9B90960D1A106E2C00A2FA4A /* CRUser.m */,
				9B90960E1A106E2C00A2FA4A /* ServerObject.h */,
				9B90960F1A106E2C00A2FA4A /* ServerObject.m */,
				9B9096041A106E2C00A2FA4A /* _CRContact.h */,
				9B9096051A106E2C00A2FA4A /* _CRContact.m */,
				9B9096061A106E2C00A2FA4A /* _CRUser.h */,
				9B9096071A106E2C00A2FA4A /* _CRUser.m */,
				9B9096081A106E2C00A2FA4A /* _ServerObject.h */,
				9B9096091A106E2C00A2FA4A /* _ServerObject.m */,
			);
			name = Models;
			sourceTree = "<group>";
		};
		9BFB23511A102E380012B81C = {
			isa = PBXGroup;
			children = (
				9BFB235C1A102E380012B81C /* Contacts Reminder */,
				9BFB23791A102E380012B81C /* Contacts ReminderTests */,
				9BFB235B1A102E380012B81C /* Products */,
				0FE5BC83CBB565A1D63ABEAE /* Pods */,
				906D60237CF5C7784D9BE24B /* Frameworks */,
			);
			sourceTree = "<group>";
		};
		9BFB235B1A102E380012B81C /* Products */ = {
			isa = PBXGroup;
			children = (
				9BFB235A1A102E380012B81C /* Contacts Reminder.app */,
				9BFB23761A102E380012B81C /* Contacts ReminderTests.xctest */,
			);
			name = Products;
			sourceTree = "<group>";
		};
		9BFB235C1A102E380012B81C /* Contacts Reminder */ = {
			isa = PBXGroup;
			children = (
				9BFB23611A102E380012B81C /* AppDelegate.h */,
				9BFB23621A102E380012B81C /* AppDelegate.m */,
				9BFB23671A102E380012B81C /* ViewController.h */,
				9BFB23681A102E380012B81C /* ViewController.m */,
				9B9096191A10A6AA00A2FA4A /* CRContactsManager.h */,
				9B90961A1A10A6AA00A2FA4A /* CRContactsManager.m */,
				9B9095EA1A105A2000A2FA4A /* CRMainViewController.h */,
				9B9095EB1A105A2000A2FA4A /* CRMainViewController.m */,
				9B9096161A1079D900A2FA4A /* NSDate+Extend.h */,
				9B9096171A1079D900A2FA4A /* NSDate+Extend.m */,
				9BFB236A1A102E380012B81C /* Main.storyboard */,
				9BFB236D1A102E380012B81C /* Images.xcassets */,
				9BFB236F1A102E380012B81C /* LaunchScreen.xib */,
				9BFB23641A102E380012B81C /* Contacts_Reminder.xcdatamodeld */,
				9B9096031A106DC600A2FA4A /* Models */,
				9BFB235D1A102E380012B81C /* Supporting Files */,
			);
			path = "Contacts Reminder";
			sourceTree = "<group>";
		};
		9BFB235D1A102E380012B81C /* Supporting Files */ = {
			isa = PBXGroup;
			children = (
				9BFB235E1A102E380012B81C /* Info.plist */,
				9BFB235F1A102E380012B81C /* main.m */,
				9BFB23861A103BBE0012B81C /* prefix.pch */,
			);
			name = "Supporting Files";
			sourceTree = "<group>";
		};
		9BFB23791A102E380012B81C /* Contacts ReminderTests */ = {
			isa = PBXGroup;
			children = (
				9BFB237C1A102E380012B81C /* Contacts_ReminderTests.m */,
				9BFB237A1A102E380012B81C /* Supporting Files */,
			);
			path = "Contacts ReminderTests";
			sourceTree = "<group>";
		};
		9BFB237A1A102E380012B81C /* Supporting Files */ = {
			isa = PBXGroup;
			children = (
				9BFB237B1A102E380012B81C /* Info.plist */,
			);
			name = "Supporting Files";
			sourceTree = "<group>";
		};
/* End PBXGroup section */

/* Begin PBXNativeTarget section */
		9BFB23591A102E380012B81C /* Contacts Reminder */ = {
			isa = PBXNativeTarget;
			buildConfigurationList = 9BFB23801A102E380012B81C /* Build configuration list for PBXNativeTarget "Contacts Reminder" */;
			buildPhases = (
				570C31B4D113161F5826C11B /* Check Pods Manifest.lock */,
				9BFB23561A102E380012B81C /* Sources */,
				9BFB23571A102E380012B81C /* Frameworks */,
				9BFB23581A102E380012B81C /* Resources */,
				465A7A5769399174D9EB0191 /* Copy Pods Resources */,
			);
			buildRules = (
			);
			dependencies = (
			);
			name = "Contacts Reminder";
			productName = "Contacts Reminder";
			productReference = 9BFB235A1A102E380012B81C /* Contacts Reminder.app */;
			productType = "com.apple.product-type.application";
		};
		9BFB23751A102E380012B81C /* Contacts ReminderTests */ = {
			isa = PBXNativeTarget;
			buildConfigurationList = 9BFB23831A102E380012B81C /* Build configuration list for PBXNativeTarget "Contacts ReminderTests" */;
			buildPhases = (
				9BFB23721A102E380012B81C /* Sources */,
				9BFB23731A102E380012B81C /* Frameworks */,
				9BFB23741A102E380012B81C /* Resources */,
			);
			buildRules = (
			);
			dependencies = (
				9BFB23781A102E380012B81C /* PBXTargetDependency */,
			);
			name = "Contacts ReminderTests";
			productName = "Contacts ReminderTests";
			productReference = 9BFB23761A102E380012B81C /* Contacts ReminderTests.xctest */;
			productType = "com.apple.product-type.bundle.unit-test";
		};
/* End PBXNativeTarget section */

/* Begin PBXProject section */
		9BFB23521A102E380012B81C /* Project object */ = {
			isa = PBXProject;
			attributes = {
				LastUpgradeCheck = 0610;
				ORGANIZATIONNAME = Lee;
				TargetAttributes = {
					9B9095FE1A106D4E00A2FA4A = {
						CreatedOnToolsVersion = 6.1;
					};
					9BFB23591A102E380012B81C = {
						CreatedOnToolsVersion = 6.1;
						DevelopmentTeam = SDR7T9YB58;
						SystemCapabilities = {
							com.apple.BackgroundModes = {
								enabled = 1;
							};
						};
					};
					9BFB23751A102E380012B81C = {
						CreatedOnToolsVersion = 6.1;
						TestTargetID = 9BFB23591A102E380012B81C;
					};
				};
			};
			buildConfigurationList = 9BFB23551A102E380012B81C /* Build configuration list for PBXProject "Contacts Reminder" */;
			compatibilityVersion = "Xcode 3.2";
			developmentRegion = English;
			hasScannedForEncodings = 0;
			knownRegions = (
				en,
				Base,
			);
			mainGroup = 9BFB23511A102E380012B81C;
			productRefGroup = 9BFB235B1A102E380012B81C /* Products */;
			projectDirPath = "";
			projectRoot = "";
			targets = (
				9BFB23591A102E380012B81C /* Contacts Reminder */,
				9BFB23751A102E380012B81C /* Contacts ReminderTests */,
				9B9095FE1A106D4E00A2FA4A /* mogenerator */,
			);
		};
/* End PBXProject section */

/* Begin PBXResourcesBuildPhase section */
		9BFB23581A102E380012B81C /* Resources */ = {
			isa = PBXResourcesBuildPhase;
			buildActionMask = 2147483647;
			files = (
				9BFB236C1A102E380012B81C /* Main.storyboard in Resources */,
				9BFB23711A102E380012B81C /* LaunchScreen.xib in Resources */,
				9BFB236E1A102E380012B81C /* Images.xcassets in Resources */,
			);
			runOnlyForDeploymentPostprocessing = 0;
		};
		9BFB23741A102E380012B81C /* Resources */ = {
			isa = PBXResourcesBuildPhase;
			buildActionMask = 2147483647;
			files = (
			);
			runOnlyForDeploymentPostprocessing = 0;
		};
/* End PBXResourcesBuildPhase section */

/* Begin PBXShellScriptBuildPhase section */
		465A7A5769399174D9EB0191 /* Copy Pods Resources */ = {
			isa = PBXShellScriptBuildPhase;
			buildActionMask = 2147483647;
			files = (
			);
			inputPaths = (
			);
			name = "Copy Pods Resources";
			outputPaths = (
			);
			runOnlyForDeploymentPostprocessing = 0;
			shellPath = /bin/sh;
			shellScript = "\"${SRCROOT}/Pods/Target Support Files/Pods/Pods-resources.sh\"\n";
			showEnvVarsInLog = 0;
		};
		570C31B4D113161F5826C11B /* Check Pods Manifest.lock */ = {
			isa = PBXShellScriptBuildPhase;
			buildActionMask = 2147483647;
			files = (
			);
			inputPaths = (
			);
			name = "Check Pods Manifest.lock";
			outputPaths = (
			);
			runOnlyForDeploymentPostprocessing = 0;
			shellPath = /bin/sh;
			shellScript = "diff \"${PODS_ROOT}/../Podfile.lock\" \"${PODS_ROOT}/Manifest.lock\" > /dev/null\nif [[ $? != 0 ]] ; then\n    cat << EOM\nerror: The sandbox is not in sync with the Podfile.lock. Run 'pod install' or update your CocoaPods installation.\nEOM\n    exit 1\nfi\n";
			showEnvVarsInLog = 0;
		};
		9B9096021A106D6A00A2FA4A /* ShellScript */ = {
			isa = PBXShellScriptBuildPhase;
			buildActionMask = 2147483647;
			files = (
			);
			inputPaths = (
			);
			outputPaths = (
			);
			runOnlyForDeploymentPostprocessing = 0;
			shellPath = /bin/sh;
			shellScript = "mogenerator -m Contacts\\ Reminder/Contacts_Reminder.xcdatamodeld -O Contacts\\ Reminder/Model/ --template-var arc=true";
		};
/* End PBXShellScriptBuildPhase section */

/* Begin PBXSourcesBuildPhase section */
		9BFB23561A102E380012B81C /* Sources */ = {
			isa = PBXSourcesBuildPhase;
			buildActionMask = 2147483647;
			files = (
				9B9096131A106E2C00A2FA4A /* CRContact.m in Sources */,
				9B9095EC1A105A2100A2FA4A /* CRMainViewController.m in Sources */,
				9BFB23661A102E380012B81C /* Contacts_Reminder.xcdatamodeld in Sources */,
				9B90961B1A10A6AA00A2FA4A /* CRContactsManager.m in Sources */,
				9B9096111A106E2C00A2FA4A /* _CRUser.m in Sources */,
				9BFB23631A102E380012B81C /* AppDelegate.m in Sources */,
				9B9096101A106E2C00A2FA4A /* _CRContact.m in Sources */,
				9BFB23691A102E380012B81C /* ViewController.m in Sources */,
				9BFB23601A102E380012B81C /* main.m in Sources */,
				9B9096181A1079D900A2FA4A /* NSDate+Extend.m in Sources */,
				9B9096121A106E2C00A2FA4A /* _ServerObject.m in Sources */,
				9B9096141A106E2C00A2FA4A /* CRUser.m in Sources */,
				9B9096151A106E2C00A2FA4A /* ServerObject.m in Sources */,
			);
			runOnlyForDeploymentPostprocessing = 0;
		};
		9BFB23721A102E380012B81C /* Sources */ = {
			isa = PBXSourcesBuildPhase;
			buildActionMask = 2147483647;
			files = (
				9BFB237D1A102E380012B81C /* Contacts_ReminderTests.m in Sources */,
			);
			runOnlyForDeploymentPostprocessing = 0;
		};
/* End PBXSourcesBuildPhase section */

/* Begin PBXTargetDependency section */
		9BFB23781A102E380012B81C /* PBXTargetDependency */ = {
			isa = PBXTargetDependency;
			target = 9BFB23591A102E380012B81C /* Contacts Reminder */;
			targetProxy = 9BFB23771A102E380012B81C /* PBXContainerItemProxy */;
		};
/* End PBXTargetDependency section */

/* Begin PBXVariantGroup section */
		9BFB236A1A102E380012B81C /* Main.storyboard */ = {
			isa = PBXVariantGroup;
			children = (
				9BFB236B1A102E380012B81C /* Base */,
			);
			name = Main.storyboard;
			sourceTree = "<group>";
		};
		9BFB236F1A102E380012B81C /* LaunchScreen.xib */ = {
			isa = PBXVariantGroup;
			children = (
				9BFB23701A102E380012B81C /* Base */,
			);
			name = LaunchScreen.xib;
			sourceTree = "<group>";
		};
/* End PBXVariantGroup section */

/* Begin XCBuildConfiguration section */
		9B9096001A106D4E00A2FA4A /* Debug */ = {
			isa = XCBuildConfiguration;
			buildSettings = {
				PRODUCT_NAME = "$(TARGET_NAME)";
			};
			name = Debug;
		};
		9B9096011A106D4E00A2FA4A /* Release */ = {
			isa = XCBuildConfiguration;
			buildSettings = {
				PRODUCT_NAME = "$(TARGET_NAME)";
			};
			name = Release;
		};
		9BFB237E1A102E380012B81C /* Debug */ = {
			isa = XCBuildConfiguration;
			buildSettings = {
				ALWAYS_SEARCH_USER_PATHS = NO;
				CLANG_CXX_LANGUAGE_STANDARD = "gnu++0x";
				CLANG_CXX_LIBRARY = "libc++";
				CLANG_ENABLE_MODULES = YES;
				CLANG_ENABLE_OBJC_ARC = YES;
				CLANG_WARN_BOOL_CONVERSION = YES;
				CLANG_WARN_CONSTANT_CONVERSION = YES;
				CLANG_WARN_DIRECT_OBJC_ISA_USAGE = YES_ERROR;
				CLANG_WARN_EMPTY_BODY = YES;
				CLANG_WARN_ENUM_CONVERSION = YES;
				CLANG_WARN_INT_CONVERSION = YES;
				CLANG_WARN_OBJC_ROOT_CLASS = YES_ERROR;
				CLANG_WARN_UNREACHABLE_CODE = YES;
				CLANG_WARN__DUPLICATE_METHOD_MATCH = YES;
				CODE_SIGN_IDENTITY = "iPhone Developer";
				"CODE_SIGN_IDENTITY[sdk=iphoneos*]" = "iPhone Developer: Derek Zhang (SRS98HY45T)";
				COPY_PHASE_STRIP = NO;
				ENABLE_STRICT_OBJC_MSGSEND = YES;
				GCC_C_LANGUAGE_STANDARD = gnu99;
				GCC_DYNAMIC_NO_PIC = NO;
				GCC_OPTIMIZATION_LEVEL = 0;
				GCC_PREPROCESSOR_DEFINITIONS = (
					"DEBUG=1",
					"$(inherited)",
				);
				GCC_SYMBOLS_PRIVATE_EXTERN = NO;
				GCC_WARN_64_TO_32_BIT_CONVERSION = YES;
				GCC_WARN_ABOUT_RETURN_TYPE = YES_ERROR;
				GCC_WARN_UNDECLARED_SELECTOR = YES;
				GCC_WARN_UNINITIALIZED_AUTOS = YES_AGGRESSIVE;
				GCC_WARN_UNUSED_FUNCTION = YES;
				GCC_WARN_UNUSED_VARIABLE = YES;
				IPHONEOS_DEPLOYMENT_TARGET = 8.1;
				MTL_ENABLE_DEBUG_INFO = YES;
				ONLY_ACTIVE_ARCH = YES;
				SDKROOT = iphoneos;
				TARGETED_DEVICE_FAMILY = "1,2";
			};
			name = Debug;
		};
		9BFB237F1A102E380012B81C /* Release */ = {
			isa = XCBuildConfiguration;
			buildSettings = {
				ALWAYS_SEARCH_USER_PATHS = NO;
				CLANG_CXX_LANGUAGE_STANDARD = "gnu++0x";
				CLANG_CXX_LIBRARY = "libc++";
				CLANG_ENABLE_MODULES = YES;
				CLANG_ENABLE_OBJC_ARC = YES;
				CLANG_WARN_BOOL_CONVERSION = YES;
				CLANG_WARN_CONSTANT_CONVERSION = YES;
				CLANG_WARN_DIRECT_OBJC_ISA_USAGE = YES_ERROR;
				CLANG_WARN_EMPTY_BODY = YES;
				CLANG_WARN_ENUM_CONVERSION = YES;
				CLANG_WARN_INT_CONVERSION = YES;
				CLANG_WARN_OBJC_ROOT_CLASS = YES_ERROR;
				CLANG_WARN_UNREACHABLE_CODE = YES;
				CLANG_WARN__DUPLICATE_METHOD_MATCH = YES;
				"CODE_SIGN_IDENTITY[sdk=iphoneos*]" = "iPhone Distribution";
				COPY_PHASE_STRIP = YES;
				ENABLE_NS_ASSERTIONS = NO;
				ENABLE_STRICT_OBJC_MSGSEND = YES;
				GCC_C_LANGUAGE_STANDARD = gnu99;
				GCC_WARN_64_TO_32_BIT_CONVERSION = YES;
				GCC_WARN_ABOUT_RETURN_TYPE = YES_ERROR;
				GCC_WARN_UNDECLARED_SELECTOR = YES;
				GCC_WARN_UNINITIALIZED_AUTOS = YES_AGGRESSIVE;
				GCC_WARN_UNUSED_FUNCTION = YES;
				GCC_WARN_UNUSED_VARIABLE = YES;
				IPHONEOS_DEPLOYMENT_TARGET = 8.1;
				MTL_ENABLE_DEBUG_INFO = NO;
				SDKROOT = iphoneos;
				TARGETED_DEVICE_FAMILY = "1,2";
				VALIDATE_PRODUCT = YES;
			};
			name = Release;
		};
		9BFB23811A102E380012B81C /* Debug */ = {
			isa = XCBuildConfiguration;
			baseConfigurationReference = D3CA03614464EDF992DA0BE0 /* Pods.debug.xcconfig */;
			buildSettings = {
				ASSETCATALOG_COMPILER_APPICON_NAME = AppIcon;
				CODE_SIGN_IDENTITY = "iPhone Developer";
				GCC_PREFIX_HEADER = "Contacts Reminder/prefix.pch";
				INFOPLIST_FILE = "Contacts Reminder/Info.plist";
				INFOPLIST_PREFIX_HEADER = "";
				IPHONEOS_DEPLOYMENT_TARGET = 8.0;
				LD_RUNPATH_SEARCH_PATHS = "$(inherited) @executable_path/Frameworks";
				PRODUCT_NAME = "$(TARGET_NAME)";
			};
			name = Debug;
		};
		9BFB23821A102E380012B81C /* Release */ = {
			isa = XCBuildConfiguration;
			baseConfigurationReference = 6C824802E36CCE7014BABC05 /* Pods.release.xcconfig */;
			buildSettings = {
				ASSETCATALOG_COMPILER_APPICON_NAME = AppIcon;
				CODE_SIGN_IDENTITY = "iPhone Developer";
				GCC_PREFIX_HEADER = "Contacts Reminder/prefix.pch";
				INFOPLIST_FILE = "Contacts Reminder/Info.plist";
				INFOPLIST_PREFIX_HEADER = "";
				IPHONEOS_DEPLOYMENT_TARGET = 8.0;
				LD_RUNPATH_SEARCH_PATHS = "$(inherited) @executable_path/Frameworks";
				PRODUCT_NAME = "$(TARGET_NAME)";
			};
			name = Release;
		};
		9BFB23841A102E380012B81C /* Debug */ = {
			isa = XCBuildConfiguration;
			buildSettings = {
				BUNDLE_LOADER = "$(TEST_HOST)";
				FRAMEWORK_SEARCH_PATHS = (
					"$(SDKROOT)/Developer/Library/Frameworks",
					"$(inherited)",
				);
				GCC_PREPROCESSOR_DEFINITIONS = (
					"DEBUG=1",
					"$(inherited)",
				);
				INFOPLIST_FILE = "Contacts ReminderTests/Info.plist";
				LD_RUNPATH_SEARCH_PATHS = "$(inherited) @executable_path/Frameworks @loader_path/Frameworks";
				PRODUCT_NAME = "$(TARGET_NAME)";
				TEST_HOST = "$(BUILT_PRODUCTS_DIR)/Contacts Reminder.app/Contacts Reminder";
			};
			name = Debug;
		};
		9BFB23851A102E380012B81C /* Release */ = {
			isa = XCBuildConfiguration;
			buildSettings = {
				BUNDLE_LOADER = "$(TEST_HOST)";
				FRAMEWORK_SEARCH_PATHS = (
					"$(SDKROOT)/Developer/Library/Frameworks",
					"$(inherited)",
				);
				INFOPLIST_FILE = "Contacts ReminderTests/Info.plist";
				LD_RUNPATH_SEARCH_PATHS = "$(inherited) @executable_path/Frameworks @loader_path/Frameworks";
				PRODUCT_NAME = "$(TARGET_NAME)";
				TEST_HOST = "$(BUILT_PRODUCTS_DIR)/Contacts Reminder.app/Contacts Reminder";
			};
			name = Release;
		};
/* End XCBuildConfiguration section */

/* Begin XCConfigurationList section */
		9B9095FF1A106D4E00A2FA4A /* Build configuration list for PBXAggregateTarget "mogenerator" */ = {
			isa = XCConfigurationList;
			buildConfigurations = (
				9B9096001A106D4E00A2FA4A /* Debug */,
				9B9096011A106D4E00A2FA4A /* Release */,
			);
			defaultConfigurationIsVisible = 0;
			defaultConfigurationName = Release;
		};
		9BFB23551A102E380012B81C /* Build configuration list for PBXProject "Contacts Reminder" */ = {
			isa = XCConfigurationList;
			buildConfigurations = (
				9BFB237E1A102E380012B81C /* Debug */,
				9BFB237F1A102E380012B81C /* Release */,
			);
			defaultConfigurationIsVisible = 0;
			defaultConfigurationName = Release;
		};
		9BFB23801A102E380012B81C /* Build configuration list for PBXNativeTarget "Contacts Reminder" */ = {
			isa = XCConfigurationList;
			buildConfigurations = (
				9BFB23811A102E380012B81C /* Debug */,
				9BFB23821A102E380012B81C /* Release */,
			);
			defaultConfigurationIsVisible = 0;
			defaultConfigurationName = Release;
		};
		9BFB23831A102E380012B81C /* Build configuration list for PBXNativeTarget "Contacts ReminderTests" */ = {
			isa = XCConfigurationList;
			buildConfigurations = (
				9BFB23841A102E380012B81C /* Debug */,
				9BFB23851A102E380012B81C /* Release */,
			);
			defaultConfigurationIsVisible = 0;
			defaultConfigurationName = Release;
		};
/* End XCConfigurationList section */

/* Begin XCVersionGroup section */
		9BFB23641A102E380012B81C /* Contacts_Reminder.xcdatamodeld */ = {
			isa = XCVersionGroup;
			children = (
				9BFB23651A102E380012B81C /* Contacts_Reminder.xcdatamodel */,
			);
			currentVersion = 9BFB23651A102E380012B81C /* Contacts_Reminder.xcdatamodel */;
			path = Contacts_Reminder.xcdatamodeld;
			sourceTree = "<group>";
			versionGroupType = wrapper.xcdatamodel;
		};
/* End XCVersionGroup section */
	};
	rootObject = 9BFB23521A102E380012B81C /* Project object */;
}
